
Microsoft Visual Studio Solution File, Format Version 12.00
# Visual Studio Version 17
VisualStudioVersion = 17.1.32414.318
MinimumVisualStudioVersion = 10.0.40219.1
Project("{FAE04EC0-301F-11D3-BF4B-00C04F79EFBC}") = "PDFResumeGenerator", "PDFResumeGenerator\PDFResumeGenerator.csproj", "{091C7822-9190-415E-A385-30A71405128A}"
EndProject
Global
	GlobalSection(SolutionConfigurationPlatforms) = preSolution
		Debug|Any CPU = Debug|Any CPU
		Release|Any CPU = Release|Any CPU
	EndGlobalSection
	GlobalSection(ProjectConfigurationPlatforms) = postSolution
		{091C7822-9190-415E-A385-30A71405128A}.Debug|Any CPU.ActiveCfg = Debug|Any CPU
		{091C7822-9190-415E-A385-30A71405128A}.Debug|Any CPU.Build.0 = Debug|Any CPU
		{091C7822-9190-415E-A385-30A71405128A}.Release|Any CPU.ActiveCfg = Release|Any CPU
		{091C7822-9190-415E-A385-30A71405128A}.Release|Any CPU.Build.0 = Release|Any CPU
	EndGlobalSection
	GlobalSection(SolutionProperties) = preSolution
		HideSolutionNode = FALSE
	EndGlobalSection
	GlobalSection(ExtensibilityGlobals) = postSolution
		SolutionGuid = {78702B32-F574-4D2A-93B2-472F2387FE56}
	EndGlobalSection
EndGlobal
